
Microsoft Visual Studio Solution File, Format Version 12.00
# Visual Studio Version 16
VisualStudioVersion = 16.0.29424.173
MinimumVisualStudioVersion = 10.0.40219.1
Project("{FAE04EC0-301F-11D3-BF4B-00C04F79EFBC}") = "AssetManagementWeb", "AssetManagementWeb\AssetManagementWeb.csproj", "{76947CFD-08BF-415B-8D0C-FA1155CC647E}"
EndProject
Global
	GlobalSection(SolutionConfigurationPlatforms) = preSolution
		Debug|Any CPU = Debug|Any CPU
		Release|Any CPU = Release|Any CPU
	EndGlobalSection
	GlobalSection(ProjectConfigurationPlatforms) = postSolution
		{76947CFD-08BF-415B-8D0C-FA1155CC647E}.Debug|Any CPU.ActiveCfg = Debug|Any CPU
		{76947CFD-08BF-415B-8D0C-FA1155CC647E}.Debug|Any CPU.Build.0 = Debug|Any CPU
		{76947CFD-08BF-415B-8D0C-FA1155CC647E}.Release|Any CPU.ActiveCfg = Release|Any CPU
		{76947CFD-08BF-415B-8D0C-FA1155CC647E}.Release|Any CPU.Build.0 = Release|Any CPU
	EndGlobalSection
	GlobalSection(SolutionProperties) = preSolution
		HideSolutionNode = FALSE
	EndGlobalSection
	GlobalSection(ExtensibilityGlobals) = postSolution
		SolutionGuid = {868AE17B-D7D0-4EC0-A784-296B53D6B462}
	EndGlobalSection
EndGlobal
